# THIS IS AN AUTOGENERATED FILE. DO NOT EDIT THIS FILE DIRECTLY.
# yarn lockfile v1


"@naturacosmeticos/iris-nodejs-messenger-kafka@^0.0.1":
  version "0.0.1"
  resolved "http://localhost:4873/@naturacosmeticos%2firis-nodejs-messenger-kafka/-/iris-nodejs-messenger-kafka-0.0.1.tgz#dd59d129d7b857e60b7b388907c929fb5bc6e0c4"
  integrity sha512-3aSNSb5a9ObBVqh2GUvz6k/eCOi/pSGX3LCM9NB2OIeOObj7fkEqikM3gdvnBniwNY30yzUSO2ba7fZOFtm3gA==
  dependencies:
    "@types/uuid" "^3.4.6"
    kafkajs "^1.11.0"
    typescript "^3.7.4"

"@types/node@*":
  version "13.5.0"
  resolved "http://localhost:4873/@types%2fnode/-/node-13.5.0.tgz#4e498dbf355795a611a87ae5ef811a8660d42662"
  integrity sha512-Onhn+z72D2O2Pb2ql2xukJ55rglumsVo1H6Fmyi8mlU9SvKdBk/pUSUAiBY/d9bAOF7VVWajX3sths/+g6ZiAQ==

"@types/uuid@^3.4.6":
  version "3.4.6"
  resolved "http://localhost:4873/@types%2fuuid/-/uuid-3.4.6.tgz#d2c4c48eb85a757bf2927f75f939942d521e3016"
  integrity sha512-cCdlC/1kGEZdEglzOieLDYBxHsvEOIg7kp/2FYyVR9Pxakq+Qf/inL3RKQ+PA8gOlI/NnL+fXmQH12nwcGzsHw==
  dependencies:
    "@types/node" "*"

kafkajs@^1.11.0:
  version "1.11.0"
  resolved "http://localhost:4873/kafkajs/-/kafkajs-1.11.0.tgz#d9599b02ada63ec7c63948b6ddfe0bc3a02c6dcc"
  integrity sha512-dLRCcFIBygZucR+e8U2ZqH2wgMrAu114K0szUyUseJoeOii3cG5bHZPIdqKecXxI6begPVCfGS3R0nJY4zHW2A==
  dependencies:
    long "^4.0.0"

long@^4.0.0:
  version "4.0.0"
  resolved "http://localhost:4873/long/-/long-4.0.0.tgz#9a7b71cfb7d361a194ea555241c92f7468d5bf28"
  integrity sha512-XsP+KhQif4bjX1kbuSiySJFNAehNxgLb6hPRGJ9QsUr8ajHkuXGdrHmFUTUUXhDwVX2R5bY4JNZEwbUiMhV+MA==

typescript@^3.7.4:
  version "3.7.5"
  resolved "http://localhost:4873/typescript/-/typescript-3.7.5.tgz#0692e21f65fd4108b9330238aac11dd2e177a1ae"
  integrity sha512-/P5lkRXkWHNAbcJIiHPfRoKqyd7bsyCma1hZNUGfn20qm64T6ZBlrzprymeu918H+mB/0rIg2gGK/BXkhhYgBw==
