# THIS IS AN AUTOGENERATED FILE. DO NOT EDIT THIS FILE DIRECTLY.
# yarn lockfile v1


"@naturacosmeticos/iris-nodejs-messenger-kafka@^1.0.0":
  version "1.1.0"
  resolved "https://registry.yarnpkg.com/@naturacosmeticos/iris-nodejs-messenger-kafka/-/iris-nodejs-messenger-kafka-1.1.0.tgz#acf60631d1e9dd352a79198c1096350238f0efae"
  integrity sha512-qH9aiUk7/XRlamIMW9BLDD/H7Nu0TH9165EgxcVfH/79tcrcbpayw91YGx98QBdIWAc+2Ov9+Bf04erXS2M4lQ==
  dependencies:
    "@types/uuid" "^3.4.6"
    kafkajs "^1.11.0"
    typescript "^3.7.4"

"@types/uuid@^3.4.6":
  version "3.4.7"
  resolved "https://registry.yarnpkg.com/@types/uuid/-/uuid-3.4.7.tgz#51d42247473bc00e38cc8dfaf70d936842a36c03"
  integrity sha512-C2j2FWgQkF1ru12SjZJyMaTPxs/f6n90+5G5qNakBxKXjTBc/YTSelHh4Pz1HUDwxFXD9WvpQhOGCDC+/Y4mIQ==

kafkajs@^1.11.0:
  version "1.12.0"
  resolved "https://registry.yarnpkg.com/kafkajs/-/kafkajs-1.12.0.tgz#50ad336baee95f3324af8ae8df6fadc96e07c613"
  integrity sha512-Izkd9iFRgeeKaHEgVpGQH08ygzCbHSxTbnu8W3G3uiNaVjGibUTmTwjv1Qf2M8NORXcPfzwVyg6bBlVj4SKr9g==
  dependencies:
    long "^4.0.0"

long@^4.0.0:
  version "4.0.0"
  resolved "https://registry.yarnpkg.com/long/-/long-4.0.0.tgz#9a7b71cfb7d361a194ea555241c92f7468d5bf28"
  integrity sha512-XsP+KhQif4bjX1kbuSiySJFNAehNxgLb6hPRGJ9QsUr8ajHkuXGdrHmFUTUUXhDwVX2R5bY4JNZEwbUiMhV+MA==

typescript@^3.7.4:
  version "3.7.5"
  resolved "https://registry.yarnpkg.com/typescript/-/typescript-3.7.5.tgz#0692e21f65fd4108b9330238aac11dd2e177a1ae"
  integrity sha512-/P5lkRXkWHNAbcJIiHPfRoKqyd7bsyCma1hZNUGfn20qm64T6ZBlrzprymeu918H+mB/0rIg2gGK/BXkhhYgBw==
